{
    "_meta": {
        "hash": {
            "sha256": "372d3998bf28490bc2e65acd07fcc11a0581e0c2d4a9a285bd8853e09ce3cceb"
        },
        "pipfile-spec": 6,
        "requires": {
            "python_version": "3.6"
        },
        "sources": [
            {
                "name": "pypi",
                "url": "https://pypi.org/simple",
                "verify_ssl": true
            }
        ]
    },
    "default": {
        "absl-py": {
            "hashes": [
                "sha256:b943d1c567743ed0455878fcd60bc28ac9fae38d129d1ccfad58079da00b8951"
            ],
            "version": "==0.7.1"
        },
        "astor": {
            "hashes": [
                "sha256:0e41295809baf43ae8303350e031aff81ae52189b6f881f36d623fa8b2f1960e",
                "sha256:37a6eed8b371f1228db08234ed7f6cfdc7817a3ed3824797e20cbb11dc2a7862"
            ],
            "version": "==0.8.0"
        },
        "cycler": {
            "hashes": [
                "sha256:1d8a5ae1ff6c5cf9b93e8811e581232ad8920aeec647c37316ceac982b08cb2d",
                "sha256:cd7b2d1018258d7247a71425e9f26463dfb444d411c39569972f4ce586b0c9d8"
            ],
            "version": "==0.10.0"
        },
        "decorator": {
            "hashes": [
                "sha256:86156361c50488b84a3f148056ea716ca587df2f0de1d34750d35c21312725de",
                "sha256:f069f3a01830ca754ba5258fde2278454a0b5b79e0d7f5c13b3b97e57d4acff6"
            ],
            "version": "==4.4.0"
        },
        "docopt": {
            "hashes": [
                "sha256:49b3a825280bd66b3aa83585ef59c4a8c82f2c8a522dbe754a8bc8d08c85c491"
            ],
            "index": "pypi",
            "version": "==0.6.2"
        },
        "gast": {
            "hashes": [
                "sha256:fe939df4583692f0512161ec1c880e0a10e71e6a232da045ab8edd3756fbadf0"
            ],
            "version": "==0.2.2"
        },
        "google-pasta": {
            "hashes": [
                "sha256:40b4f55ba7b44823eac96d055000572c84ce48cacb3e91c100869844064b2d07",
                "sha256:79d1ce28b381d68e98ef7707d19909adb58912f8dae8734402454424fc76b8fe",
                "sha256:7ca8afc4cfeebf4a079cdf586333d5447cecd19a997475136138fc83c3351bc4"
            ],
            "version": "==0.1.7"
        },
        "grpcio": {
            "hashes": [
                "sha256:09e098c7245c6bd44a93572e8c8d2375c71191daba3b9a03bcecbc93aa567f41",
                "sha256:0ad4307fba924d418a82632fa32533933f60a9d1d4dc8817f68c1817e4569aaa",
                "sha256:0fb762f4e790845670066f75bf6c6eadb01c0f1d1797c803c19236a754f7cc4e",
                "sha256:139ff4193d4b15e3c58138e183e7a7dd100fed403ad15726d43af7db17795b1e",
                "sha256:201761eb91dec597a929a2b6ad102507ef554e9a985ec681d4b80ce2c74b93b5",
                "sha256:21ab929cd3cc1c5136c4d6e4ea6b5ac5d792d89fac71b4a0a97cea328f5ac6bb",
                "sha256:22cd66bac2ddbd951dd0c9dd2770dfea3c4d5faa2123484d628431dfc8a5b984",
                "sha256:273631bac71d34fb62d3d469d8562ecc8754120cd8bee6468a971f0ad4d6d96b",
                "sha256:2de429c39e943bc54a3420a84ae6a0a3caf9ce75d13f7414d3a747c66d98e150",
                "sha256:2feb23e51c6e0aa74d7da20ad5e4b6c24a0b747a99e90abdb18bc6947c72c248",
                "sha256:3c507508fa06fa8862fd0bed8f75d204d50759e8331fac6c40a0a72b51fc36ee",
                "sha256:3cc53b75984d208ddb8ff3b308c81d775a802b3462c1c7a43c4b0fd4d01fa767",
                "sha256:42b47f3509d264a41239e23a86f736252dd443bf40e215419cf59aad67b71c21",
                "sha256:48edf67913df729c79439afe8a18b8c68ba27188186e825d8b044b8b43868bff",
                "sha256:491a78d972a470f8e687881e3ab8693cfd28915a22766476e60b0635f75f4b5f",
                "sha256:4a93ce7b155dbed50b6120e8bafa5e1955958149ee9dd6e3683e16b497f3887a",
                "sha256:5955fa49f08c0365500b08e58b01ab9160a3af4d0d62b646151112135dc3313a",
                "sha256:5a608f27cca7e5cdc88f2f8c00171d923d135b0cc1cbeca886113c68b57fddda",
                "sha256:5b12ee4889df28322827f3e73bdb9d57879724a8bc320795653b603519535c77",
                "sha256:7532771a768a697effb9cbdecdee8b58ce840c02c3ad8d43a2c75e9f8bda3204",
                "sha256:77c502d2c19a884b9ae931eee4484094f73450417a29c6ee47cea20a36347f14",
                "sha256:868f35ae6a97f343bc4a2ff417dac465a4472039c497df492518e58a5e34eb2a",
                "sha256:902d1446c4767b045b830b81e83012590c650f2a6e050c8b5dc6605f9e4c5ad7",
                "sha256:a6701ca77ff72d935984efdfbf14f2243ff8fc25d6a9bfa6cf10fbeebe80964c",
                "sha256:b764165455ad3e56ca48079e950ec14cf9d2683480a6bc466e6442302c606db6",
                "sha256:bc428bd7ea19f7b01c420ab1b1b4b46b58ec0f0a33be606b981757fd86ec9a8a",
                "sha256:c56c0fa6d4d510f5de90eb3751ac5f95febf4967beb3c586b9d8bfe2e6413153",
                "sha256:d322726833d133848e9b78f93024a530365879d7c2a7c5fdb14671eb5a3e1e88",
                "sha256:e1264587fa3a1297391a951f3b7afc8ca86d9921c446251913b2a007b06e4d8a",
                "sha256:f5dc14fcf189ba75dd28bb9a6444c6b017f6cc5a0223f7dbf039f263a0c1431a",
                "sha256:fc7b4fdfc9e343fd1fecff98bd5e1f0a0f800098e61c7d091dd760cf470e06eb",
                "sha256:fdc359015d6ee5107c2feaff8dcd2584cba859f5dd201cdbc218f3f62a1fdb8b"
            ],
            "version": "==1.22.0rc1"
        },
        "h5py": {
            "hashes": [
                "sha256:05750b91640273c69989c657eaac34b091abdd75efc8c4824c82aaf898a2da0a",
                "sha256:082a27208aa3a2286e7272e998e7e225b2a7d4b7821bd840aebf96d50977abbb",
                "sha256:08e2e8297195f9e813e894b6c63f79372582787795bba2014a2db6a2de95f713",
                "sha256:0dd2adeb2e9de5081eb8dcec88874e7fd35dae9a21557be3a55a3c7d491842a4",
                "sha256:0f94de7a10562b991967a66bbe6dda9808e18088676834c0a4dcec3fdd3bcc6f",
                "sha256:106e42e2e01e486a3d32eeb9ba0e3a7f65c12fa8998d63625fa41fb8bdc44cdb",
                "sha256:1606c66015f04719c41a9863c156fc0e6b992150de21c067444bcb82e7d75579",
                "sha256:1854c4beff9961e477e133143c5e5e355dac0b3ebf19c52cf7cc1b1ef757703c",
                "sha256:1e9fb6f1746500ea91a00193ce2361803c70c6b13f10aae9a33ad7b5bd28e800",
                "sha256:2cca17e80ddb151894333377675db90cd0279fa454776e0a4f74308376afd050",
                "sha256:30e365e8408759db3778c361f1e4e0fe8e98a875185ae46c795a85e9bafb9cdf",
                "sha256:3206bac900e16eda81687d787086f4ffd4f3854980d798e191a9868a6510c3ae",
                "sha256:3c23d72058647cee19b30452acc7895621e2de0a0bd5b8a1e34204b9ea9ed43c",
                "sha256:407b5f911a83daa285bbf1ef78a9909ee5957f257d3524b8606be37e8643c5f0",
                "sha256:4162953714a9212d373ac953c10e3329f1e830d3c7473f2a2e4f25dd6241eef0",
                "sha256:5fc7aba72a51b2c80605eba1c50dbf84224dcd206279d30a75c154e5652e1fe4",
                "sha256:713ac19307e11de4d9833af0c4bd6778bde0a3d967cafd2f0f347223711c1e31",
                "sha256:71b946d80ef3c3f12db157d7778b1fe74a517ca85e94809358b15580983c2ce2",
                "sha256:8cc4aed71e20d87e0a6f02094d718a95252f11f8ed143bc112d22167f08d4040",
                "sha256:9d41ca62daf36d6b6515ab8765e4c8c4388ee18e2a665701fef2b41563821002",
                "sha256:a744e13b000f234cd5a5b2a1f95816b819027c57f385da54ad2b7da1adace2f3",
                "sha256:b087ee01396c4b34e9dc41e3a6a0442158206d383c19c7d0396d52067b17c1cb",
                "sha256:b0f03af381d33306ce67d18275b61acb4ca111ced645381387a02c8a5ee1b796",
                "sha256:b9e4b8dfd587365bdd719ae178fa1b6c1231f81280b1375eef8626dfd8761bf3",
                "sha256:c5dd4ec75985b99166c045909e10f0534704d102848b1d9f0992720e908928e7",
                "sha256:d2b82f23cd862a9d05108fe99967e9edfa95c136f532a71cb3d28dc252771f50",
                "sha256:e58a25764472af07b7e1c4b10b0179c8ea726446c7141076286e41891bf3a563",
                "sha256:f3b49107fbfc77333fc2b1ef4d5de2abcd57e7ea3a1482455229494cf2da56ce"
            ],
            "index": "pypi",
            "version": "==2.9.0"
        },
        "imageio": {
            "hashes": [
                "sha256:1a2bbbb7cd38161340fa3b14d806dfbf914abf3ee6fd4592af2afb87d049f209",
                "sha256:42e65aadfc3d57a1043615c92bdf6319b67589e49a0aae2b985b82144aceacad"
            ],
            "index": "pypi",
            "version": "==2.5.0"
        },
        "joblib": {
            "hashes": [
                "sha256:21e0c34a69ad7fde4f2b1f3402290e9ec46f545f15f1541c582edfe05d87b63a",
                "sha256:315d6b19643ec4afd4c41c671f9f2d65ea9d787da093487a81ead7b0bac94524"
            ],
            "version": "==0.13.2"
        },
        "keras-applications": {
            "hashes": [
                "sha256:5579f9a12bcde9748f4a12233925a59b93b73ae6947409ff34aa2ba258189fe5",
                "sha256:df4323692b8c1174af821bf906f1e442e63fa7589bf0f1230a0b6bdc5a810c95"
            ],
            "version": "==1.0.8"
        },
        "keras-preprocessing": {
            "hashes": [
                "sha256:44aee5f2c4d80c3b29f208359fcb336df80f293a0bb6b1c738da43ca206656fb",
                "sha256:5a8debe01d840de93d49e05ccf1c9b81ae30e210d34dacbcc47aeb3049b528e5"
            ],
            "version": "==1.1.0"
        },
        "kiwisolver": {
            "hashes": [
                "sha256:05b5b061e09f60f56244adc885c4a7867da25ca387376b02c1efc29cc16bcd0f",
                "sha256:26f4fbd6f5e1dabff70a9ba0d2c4bd30761086454aa30dddc5b52764ee4852b7",
                "sha256:3b2378ad387f49cbb328205bda569b9f87288d6bc1bf4cd683c34523a2341efe",
                "sha256:400599c0fe58d21522cae0e8b22318e09d9729451b17ee61ba8e1e7c0346565c",
                "sha256:47b8cb81a7d18dbaf4fed6a61c3cecdb5adec7b4ac292bddb0d016d57e8507d5",
                "sha256:53eaed412477c836e1b9522c19858a8557d6e595077830146182225613b11a75",
                "sha256:58e626e1f7dfbb620d08d457325a4cdac65d1809680009f46bf41eaf74ad0187",
                "sha256:5a52e1b006bfa5be04fe4debbcdd2688432a9af4b207a3f429c74ad625022641",
                "sha256:5c7ca4e449ac9f99b3b9d4693debb1d6d237d1542dd6a56b3305fe8a9620f883",
                "sha256:682e54f0ce8f45981878756d7203fd01e188cc6c8b2c5e2cf03675390b4534d5",
                "sha256:79bfb2f0bd7cbf9ea256612c9523367e5ec51d7cd616ae20ca2c90f575d839a2",
                "sha256:7f4dd50874177d2bb060d74769210f3bce1af87a8c7cf5b37d032ebf94f0aca3",
                "sha256:8944a16020c07b682df861207b7e0efcd2f46c7488619cb55f65882279119389",
                "sha256:8aa7009437640beb2768bfd06da049bad0df85f47ff18426261acecd1cf00897",
                "sha256:939f36f21a8c571686eb491acfffa9c7f1ac345087281b412d63ea39ca14ec4a",
                "sha256:9733b7f64bd9f807832d673355f79703f81f0b3e52bfce420fc00d8cb28c6a6c",
                "sha256:a02f6c3e229d0b7220bd74600e9351e18bc0c361b05f29adae0d10599ae0e326",
                "sha256:a0c0a9f06872330d0dd31b45607197caab3c22777600e88031bfe66799e70bb0",
                "sha256:acc4df99308111585121db217681f1ce0eecb48d3a828a2f9bbf9773f4937e9e",
                "sha256:b64916959e4ae0ac78af7c3e8cef4becee0c0e9694ad477b4c6b3a536de6a544",
                "sha256:d3fcf0819dc3fea58be1fd1ca390851bdb719a549850e708ed858503ff25d995",
                "sha256:d52e3b1868a4e8fd18b5cb15055c76820df514e26aa84cc02f593d99fef6707f",
                "sha256:db1a5d3cc4ae943d674718d6c47d2d82488ddd94b93b9e12d24aabdbfe48caee",
                "sha256:e3a21a720791712ed721c7b95d433e036134de6f18c77dbe96119eaf7aa08004",
                "sha256:e8bf074363ce2babeb4764d94f8e65efd22e6a7c74860a4f05a6947afc020ff2",
                "sha256:f16814a4a96dc04bf1da7d53ee8d5b1d6decfc1a92a63349bb15d37b6a263dd9",
                "sha256:f2b22153870ca5cf2ab9c940d7bc38e8e9089fa0f7e5856ea195e1cf4ff43d5a",
                "sha256:f790f8b3dff3d53453de6a7b7ddd173d2e020fb160baff578d578065b108a05f"
            ],
            "version": "==1.1.0"
        },
        "markdown": {
            "hashes": [
                "sha256:2e50876bcdd74517e7b71f3e7a76102050edec255b3983403f1a63e7c8a41e7a",
                "sha256:56a46ac655704b91e5b7e6326ce43d5ef72411376588afa1dd90e881b83c7e8c"
            ],
            "version": "==3.1.1"
        },
        "matplotlib": {
            "hashes": [
                "sha256:08d9bc2e2acef42965256acd5015dc2c899cbd53e01bf4214c5510c7ea0efd2d",
                "sha256:1e0213f87cc0076f7b0c4c251d7e23601e2419cd98691df79edb95517ba06f0c",
                "sha256:1f31053f660df5f0310118d7f5bd1e8025170e9773f0bebe8fec486d0926adf6",
                "sha256:399bf6352633aeeb45ca55c6c943fa2738022fb17ae498c32a142ced0b41528d",
                "sha256:409a5894efb810d630d2512449c7a4394de9a4d15fc6394e26a409b17d9cc18c",
                "sha256:5c5ef5cf1bc8f483123102e2615644937af7d4c01d100acc72bf74a044a78717",
                "sha256:d0052be5cdfa27018bb08194b8812c47cb985d60eb682e1809c76e9600839516",
                "sha256:e7d6620d145ca9f6c3e88248e5734b6fda430e75e70755b887e48f8e9bc1de2a",
                "sha256:f3d8b6bccc577e4e5ecbd58fdd63cacb8e58f0ed1e97616a7f7a7baaf4b8d036"
            ],
            "index": "pypi",
            "version": "==3.1.0"
        },
        "networkx": {
            "hashes": [
                "sha256:8311ddef63cf5c5c5e7c1d0212dd141d9a1fe3f474915281b73597ed5f1d4e3d"
            ],
            "version": "==2.3"
        },
        "numpy": {
            "hashes": [
                "sha256:0778076e764e146d3078b17c24c4d89e0ecd4ac5401beff8e1c87879043a0633",
                "sha256:141c7102f20abe6cf0d54c4ced8d565b86df4d3077ba2343b61a6db996cefec7",
                "sha256:14270a1ee8917d11e7753fb54fc7ffd1934f4d529235beec0b275e2ccf00333b",
                "sha256:27e11c7a8ec9d5838bc59f809bfa86efc8a4fd02e58960fa9c49d998e14332d5",
                "sha256:2a04dda79606f3d2f760384c38ccd3d5b9bb79d4c8126b67aff5eb09a253763e",
                "sha256:3c26010c1b51e1224a3ca6b8df807de6e95128b0908c7e34f190e7775455b0ca",
                "sha256:52c40f1a4262c896420c6ea1c6fda62cf67070e3947e3307f5562bd783a90336",
                "sha256:6e4f8d9e8aa79321657079b9ac03f3cf3fd067bf31c1cca4f56d49543f4356a5",
                "sha256:7242be12a58fec245ee9734e625964b97cf7e3f2f7d016603f9e56660ce479c7",
                "sha256:7dc253b542bfd4b4eb88d9dbae4ca079e7bf2e2afd819ee18891a43db66c60c7",
                "sha256:94f5bd885f67bbb25c82d80184abbf7ce4f6c3c3a41fbaa4182f034bba803e69",
                "sha256:a89e188daa119ffa0d03ce5123dee3f8ffd5115c896c2a9d4f0dbb3d8b95bfa3",
                "sha256:ad3399da9b0ca36e2f24de72f67ab2854a62e623274607e37e0ce5f5d5fa9166",
                "sha256:b0348be89275fd1d4c44ffa39530c41a21062f52299b1e3ee7d1c61f060044b8",
                "sha256:b5554368e4ede1856121b0dfa35ce71768102e4aa55e526cb8de7f374ff78722",
                "sha256:cbddc56b2502d3f87fda4f98d948eb5b11f36ff3902e17cb6cc44727f2200525",
                "sha256:d79f18f41751725c56eceab2a886f021d70fd70a6188fd386e29a045945ffc10",
                "sha256:dc2ca26a19ab32dc475dbad9dfe723d3a64c835f4c23f625c2b6566ca32b9f29",
                "sha256:dd9bcd4f294eb0633bb33d1a74febdd2b9018b8b8ed325f861fffcd2c7660bb8",
                "sha256:e8baab1bc7c9152715844f1faca6744f2416929de10d7639ed49555a85549f52",
                "sha256:ec31fe12668af687b99acf1567399632a7c47b0e17cfb9ae47c098644ef36797",
                "sha256:f12b4f7e2d8f9da3141564e6737d79016fe5336cc92de6814eba579744f65b0a",
                "sha256:f58ac38d5ca045a377b3b377c84df8175ab992c970a53332fa8ac2373df44ff7"
            ],
            "index": "pypi",
            "version": "==1.16.4"
        },
        "opencv-python": {
            "hashes": [
                "sha256:1703a296a96d3d46615e5053f224867977accb4240bcaa0fcabcb0768bf5ac13",
                "sha256:1777ce7535ee7a1995cae168a107a1320e9df13648b930e72a1a2c2eccd64cda",
                "sha256:1e5520482fb18fbd64d079e7f17ac0018f195fd75f6360a53bb82d7903106b50",
                "sha256:25522dcf2529614750a71112a6659759080b4bdc2323f19d47f4d895960fd796",
                "sha256:2af5f2842ad44c65ae2647377e0ff198719e1a1cfc9c6a19bc0c525c035d4bd8",
                "sha256:31ec48d7eca13fc25c287dea7cecab453976e372cad8f50d55c054a247efda21",
                "sha256:47cf48ff5dbd554e9f58cc9e98cf0b5de3f6a971172612bffa06bc5fb79ce872",
                "sha256:494f98366bb5d6c2ac7e50e6617139f353704fd97a6d12ec9d392e72817d5cb0",
                "sha256:4a9845870739e640e3350a8d98d511c92c087fe3d66090e83be7bf94e0ac64f7",
                "sha256:4ac29cc0847d948a6636899014e84e165c30cc8779d6218394d44363462a01ce",
                "sha256:5857ace03b7854221abf8072462d306c2c2ce4e366190b21d90ee8ee8aaf5bb4",
                "sha256:5b4a23d99d5a2874767034466f5a8fd37b9f93ac14955a01b1a208983c76b9ad",
                "sha256:734d87a5021c037064beb62133e135e66c7128e401a63b8b842b809ae2093749",
                "sha256:78005c1c5d15ef4e32e0f485557bd15b5b6d87f49c19db7fe3e9246a61ebe7e4",
                "sha256:81ae2283225c5c52fc3d72debd4241c30ccff2bb922578bf7867f9851cce3acb",
                "sha256:88dbf900f297fdae0f62b899d6a784d8868ec2135854c5f8a9abbad00a6f0c5b",
                "sha256:8c98ea7b8d327a31cd6028782a06147d0e0329ae8e829e881fb5d02f7ed8aec9",
                "sha256:937d4686fef6967921145290f5b50c01c00c5b5d3542a6519e8a85cd88448723",
                "sha256:a057958c0e362b3c4f03b9af1cbdb6d5af035fd22ecd7fd794eba8fdeb049eb8",
                "sha256:c41eab31fa2c641226c6187caa391a688d064c99f078d604574f1912296b771f",
                "sha256:cf4f7e62d1f80d1fa85a1693a3500def5cde54b2b75212b3609e552e4c25acfb",
                "sha256:d90d60143e18334330c149f293071c9f2f3c79c896f33dc4ec65099e58baaaa7",
                "sha256:db3106b7ca86999a7bd1f2fcc93e49314e5e6e451356774e421a69428df5020b",
                "sha256:dbaf264db56f4771dfac6624f438bc4dc670aa94f61a6138848fcab7e9e77380",
                "sha256:e65206c4cf651dc9cf0829962fae8bec986767c9f123d6a1ad17f9356bf7257e",
                "sha256:eac94ddc78c58e891cff7180274317dad2938a4ddfc6ced1c04846c7f50e77e9",
                "sha256:f2e828711f044a965509c862b3a59b3181e9c56c145a950cb53d43fec54e66d2"
            ],
            "index": "pypi",
            "version": "==4.1.0.25"
        },
        "pandas": {
            "hashes": [
                "sha256:071e42b89b57baa17031af8c6b6bbd2e9a5c68c595bc6bf9adabd7a9ed125d3b",
                "sha256:17450e25ae69e2e6b303817bdf26b2cd57f69595d8550a77c308be0cd0fd58fa",
                "sha256:17916d818592c9ec891cbef2e90f98cc85e0f1e89ed0924c9b5220dc3209c846",
                "sha256:2538f099ab0e9f9c9d09bbcd94b47fd889bad06dc7ae96b1ed583f1dc1a7a822",
                "sha256:366f30710172cb45a6b4f43b66c220653b1ea50303fbbd94e50571637ffb9167",
                "sha256:42e5ad741a0d09232efbc7fc648226ed93306551772fc8aecc6dce9f0e676794",
                "sha256:4e718e7f395ba5bfe8b6f6aaf2ff1c65a09bb77a36af6394621434e7cc813204",
                "sha256:4f919f409c433577a501e023943e582c57355d50a724c589e78bc1d551a535a2",
                "sha256:4fe0d7e6438212e839fc5010c78b822664f1a824c0d263fd858f44131d9166e2",
                "sha256:5149a6db3e74f23dc3f5a216c2c9ae2e12920aa2d4a5b77e44e5b804a5f93248",
                "sha256:627594338d6dd995cfc0bacd8e654cd9e1252d2a7c959449228df6740d737eb8",
                "sha256:83c702615052f2a0a7fb1dd289726e29ec87a27272d775cb77affe749cca28f8",
                "sha256:8c872f7fdf3018b7891e1e3e86c55b190e6c5cee70cab771e8f246c855001296",
                "sha256:90f116086063934afd51e61a802a943826d2aac572b2f7d55caaac51c13db5b5",
                "sha256:a3352bacac12e1fc646213b998bce586f965c9d431773d9e91db27c7c48a1f7d",
                "sha256:bcdd06007cca02d51350f96debe51331dec429ac8f93930a43eb8fb5639e3eb5",
                "sha256:c1bd07ebc15285535f61ddd8c0c75d0d6293e80e1ee6d9a8d73f3f36954342d0",
                "sha256:c9a4b7c55115eb278c19aa14b34fcf5920c8fe7797a09b7b053ddd6195ea89b3",
                "sha256:cc8fc0c7a8d5951dc738f1c1447f71c43734244453616f32b8aa0ef6013a5dfb",
                "sha256:d7b460bc316064540ce0c41c1438c416a40746fd8a4fb2999668bf18f3c4acf1"
            ],
            "index": "pypi",
            "version": "==0.24.2"
        },
        "pillow": {
            "hashes": [
                "sha256:15c056bfa284c30a7f265a41ac4cbbc93bdbfc0dfe0613b9cb8a8581b51a9e55",
                "sha256:1a4e06ba4f74494ea0c58c24de2bb752818e9d504474ec95b0aa94f6b0a7e479",
                "sha256:1c3c707c76be43c9e99cb7e3d5f1bee1c8e5be8b8a2a5eeee665efbf8ddde91a",
                "sha256:1fd0b290203e3b0882d9605d807b03c0f47e3440f97824586c173eca0aadd99d",
                "sha256:24114e4a6e1870c5a24b1da8f60d0ba77a0b4027907860188ea82bd3508c80eb",
                "sha256:258d886a49b6b058cd7abb0ab4b2b85ce78669a857398e83e8b8e28b317b5abb",
                "sha256:33c79b6dd6bc7f65079ab9ca5bebffb5f5d1141c689c9c6a7855776d1b09b7e8",
                "sha256:367385fc797b2c31564c427430c7a8630db1a00bd040555dfc1d5c52e39fcd72",
                "sha256:3c1884ff078fb8bf5f63d7d86921838b82ed4a7d0c027add773c2f38b3168754",
                "sha256:44e5240e8f4f8861d748f2a58b3f04daadab5e22bfec896bf5434745f788f33f",
                "sha256:46aa988e15f3ea72dddd81afe3839437b755fffddb5e173886f11460be909dce",
                "sha256:74d90d499c9c736d52dd6d9b7221af5665b9c04f1767e35f5dd8694324bd4601",
                "sha256:809c0a2ce9032cbcd7b5313f71af4bdc5c8c771cb86eb7559afd954cab82ebb5",
                "sha256:85d1ef2cdafd5507c4221d201aaf62fc9276f8b0f71bd3933363e62a33abc734",
                "sha256:8c3889c7681af77ecfa4431cd42a2885d093ecb811e81fbe5e203abc07e0995b",
                "sha256:9218d81b9fca98d2c47d35d688a0cea0c42fd473159dfd5612dcb0483c63e40b",
                "sha256:9aa4f3827992288edd37c9df345783a69ef58bd20cc02e64b36e44bcd157bbf1",
                "sha256:9d80f44137a70b6f84c750d11019a3419f409c944526a95219bea0ac31f4dd91",
                "sha256:b7ebd36128a2fe93991293f997e44be9286503c7530ace6a55b938b20be288d8",
                "sha256:c4c78e2c71c257c136cdd43869fd3d5e34fc2162dc22e4a5406b0ebe86958239",
                "sha256:c6a842537f887be1fe115d8abb5daa9bc8cc124e455ff995830cc785624a97af",
                "sha256:cf0a2e040fdf5a6d95f4c286c6ef1df6b36c218b528c8a9158ec2452a804b9b8",
                "sha256:cfd28aad6fc61f7a5d4ee556a997dc6e5555d9381d1390c00ecaf984d57e4232",
                "sha256:dca5660e25932771460d4688ccbb515677caaf8595f3f3240ec16c117deff89a",
                "sha256:de7aedc85918c2f887886442e50f52c1b93545606317956d65f342bd81cb4fc3",
                "sha256:e6c0bbf8e277b74196e3140c35f9a1ae3eafd818f7f2d3a15819c49135d6c062"
            ],
            "version": "==6.0.0"
        },
        "protobuf": {
            "hashes": [
                "sha256:135205057129bf9ec1bf734011771493b98c55303fd00525217ffdd3b04d9ad4",
                "sha256:3489453b00606cb263a384648062750f319860a71dcc6c2b05ec9f6240ff5346",
                "sha256:427e30084ab35937c2f2e8a62b60431a74d4f4d23afbd15e657c55e29bfbad5a",
                "sha256:4f97516cb70d4c7eab98333a516e2388feb8f9722aaeeccca65a1bce37197567",
                "sha256:603ea09e825a41f73d5ea7c5a75bdd299057674827c85699ad26b8ad50336b8f",
                "sha256:60d33810a1789be34692acd20014e2b1b53d165eec3bf5781dfe7cff1bb55468",
                "sha256:67946863478114e075d4c738ba24f245e39ccc784f6f6881465a8c7cef8c99b5",
                "sha256:7962881800769dfd6a809a34c406b784882cf7020bff67b996020948a1d1bd3b",
                "sha256:7b5053018564b5ce819aa4670aa2734a9cec28f285d22ac262b2bc004c311f61",
                "sha256:7c31e47a630f804bc2f6f737888cfc0d5316844cf53a23280a58214818be4fa1",
                "sha256:843a9be7221a6a96999756c8870f7adba5937191865d8aa54697ec095bdaebc7",
                "sha256:aa5e001575cf9d66ebb22774c9086f66862f3319fca637aac6935cca561516a4",
                "sha256:b4bd9dfb2b230979af4cbe48808b6e4640829bc57205b39e462c16808436b246",
                "sha256:c8c13edc61e5d0840250ec746d7a0d63fa4858d6227fab1e480afa02725746b2",
                "sha256:d113b09ff354df54170520e4c14b9e95486e48d56ab9e49bda821175c482e031",
                "sha256:d2516910759f1446d74a3a855d46a85b629d4c18ef434871a697c5d2e3fc38d0",
                "sha256:edd8e5ac2325e8681dc32600fdff107b8a08ae8d4f3ba5e8a587ab420eb59c9a",
                "sha256:f593134a11823269f1a83b1f855ed218dd3dc58f902e071ab760e303a8fcb914"
            ],
            "version": "==3.9.0rc1"
        },
        "pyparsing": {
            "hashes": [
                "sha256:1873c03321fc118f4e9746baf201ff990ceb915f433f23b395f5580d1840cb2a",
                "sha256:9b6323ef4ab914af344ba97510e966d64ba91055d6b9afa6b30799340e89cc03"
            ],
            "version": "==2.4.0"
        },
        "python-dateutil": {
            "hashes": [
                "sha256:7e6584c74aeed623791615e26efd690f29817a27c73085b78e4bad02493df2fb",
                "sha256:c89805f6f4d64db21ed966fda138f8a5ed7a4fdbc1a8ee329ce1b74e3c74da9e"
            ],
            "version": "==2.8.0"
        },
        "pytz": {
            "hashes": [
                "sha256:303879e36b721603cc54604edcac9d20401bdbe31e1e4fdee5b9f98d5d31dfda",
                "sha256:d747dd3d23d77ef44c6a3526e274af6efeb0a6f1afd5a69ba4d5be4098c8e141"
            ],
            "version": "==2019.1"
        },
        "pywavelets": {
            "hashes": [
                "sha256:18b193b67937e805a8e79c036bd2aa4ea3a357737256efeefdabd19c95083c3b",
                "sha256:1d7ba03baa81938b17d4819db36f018e680d929af329062af4d4b6d6236d02ba",
                "sha256:21f39d86cc35e003576fc1400b15534e2999570418fcdb17ea62d1ff8773b076",
                "sha256:250412f482d5cb358b7ec323b2a783d91e5cfc337fdf8fde3c59bf2c35d6366f",
                "sha256:25c0c592bf43eaffb4d3c6b6444b14c7407db750b6f2d344d809d4af934319d9",
                "sha256:2f2cdd96e4882b0c18e75cc90c4710de429ac226ce53b58a90c7420e3e307631",
                "sha256:3abed8dcd3e94ead72ee8010b494df5a9bdbdd5e39129d52fbf8066efa323a51",
                "sha256:3e99ab8feeb47755738fb8deb8154c9604c4a7996b1b7db6b090475105ca7c92",
                "sha256:64926c4c78dd690ec0d61be20f7c27cfbde6de9fa66ab8205eb079d9db6927fc",
                "sha256:687ec8877c10e3a03595ad167d1ea2662bc1ab13ef43d63a6e207a53b2ee4c26",
                "sha256:6af0077c7a4c9935aa64301f6942468b494656b8812e801d4a635cf42088f96c",
                "sha256:7215856a5d2e1a2dccca1f71d912ee6a7387086f3b3adcb55d7c41314c6abb0c",
                "sha256:9e47b241533add77961093b1e40cfff031597d429e91ad7c675838be0f7cc0df",
                "sha256:9e782f49dca57bc0fd2a40c0917949d77be2ecc999ccd44fff57fb10aa214135",
                "sha256:a12c7a6258c0015d2c75d88b87393ee015494551f049009e8b63eafed2d78efc",
                "sha256:a5027d47484498e70391b311a2688c4f74294de629b982ed17be57be4c77ade7",
                "sha256:ab02363467ee3cb222c5b425bc53453270ddae72bce313e72fd14616692d725a",
                "sha256:adc79308c65a2007bdbd5846fda70088e7ead0ef0a5a6f44d08829e9478a907f",
                "sha256:afaaee392450785a346d9e5e5f6e5307b13958d8b0633818632cb38972a7752a",
                "sha256:b26b836c7f71df7b2779e62d1338367cfe37b98324e9b0d54b428ac030e3d1f0",
                "sha256:b9adbc27d70a2626c235a18b41315de2832c384651d03383db7a58c2a2bccc6f",
                "sha256:bd6e62efb7839fd6bf894b7b9aec6d58be0c44a38ea0c9f3c5bea834d84d05eb",
                "sha256:de083a3a71576a9c3d8ba73b6f0425e4690d6ac6e480562f30bec5cb20667324",
                "sha256:e89551257233a3da717a9e6e2e303243df75faffe0b6781d21c15eb9d682ec6d",
                "sha256:eafb7d609c41a04028144f4b6697792f448554960ef353244aaf0a5883263543",
                "sha256:fb3ee9f65d25ee5c89104e533d5f341c253cdb9543ef6fcd6dfa599b12e84f1c"
            ],
            "version": "==1.0.3"
        },
        "pyyaml": {
            "hashes": [
                "sha256:57acc1d8533cbe51f6662a55434f0dbecfa2b9eaf115bede8f6fd00115a0c0d3",
                "sha256:588c94b3d16b76cfed8e0be54932e5729cc185caffaa5a451e7ad2f7ed8b4043",
                "sha256:68c8dd247f29f9a0d09375c9c6b8fdc64b60810ebf07ba4cdd64ceee3a58c7b7",
                "sha256:70d9818f1c9cd5c48bb87804f2efc8692f1023dac7f1a1a5c61d454043c1d265",
                "sha256:86a93cccd50f8c125286e637328ff4eef108400dd7089b46a7be3445eecfa391",
                "sha256:a0f329125a926876f647c9fa0ef32801587a12328b4a3c741270464e3e4fa778",
                "sha256:a3c252ab0fa1bb0d5a3f6449a4826732f3eb6c0270925548cac342bc9b22c225",
                "sha256:b4bb4d3f5e232425e25dda21c070ce05168a786ac9eda43768ab7f3ac2770955",
                "sha256:cd0618c5ba5bda5f4039b9398bb7fb6a317bb8298218c3de25c47c4740e4b95e",
                "sha256:ceacb9e5f8474dcf45b940578591c7f3d960e82f926c707788a570b51ba59190",
                "sha256:fe6a88094b64132c4bb3b631412e90032e8cfe9745a58370462240b8cb7553cd"
            ],
            "index": "pypi",
            "version": "==5.1.1"
        },
        "scikit-image": {
            "hashes": [
                "sha256:0fb4f61ba28e7034dc490b7fd37a35428493cc1180205991aea41ab78c1a3b2a",
                "sha256:117244d206f014fcdc7fd3b03dc25ffd3c32be49c5103b916dadcf3c268ce629",
                "sha256:2dee5c19893bbfebeb30c2edd47e3092d84fe671e1278c8e1b8ab0b541b88590",
                "sha256:2edf2189a89d68e7909bfe939f6f9978d4807c4c2c6464b9d23944171272efe5",
                "sha256:56f8ec5106c1b6037f25395eb6a2c29cbbb1baa9d8cedb48a6488a697f9e0c02",
                "sha256:5c24501fbe0000bf215418ced56fc718ae5bbd004df7dc460fd3fb095385dec5",
                "sha256:6665b00b649237171eb0c34ec7d2c5ee96f51cc826edf1b70654fc05fddec7a8",
                "sha256:676838be922fdc7c65a1bfa71409b382874d60e2a7a0c968fe832f63b485842d",
                "sha256:6b8697a52e1e3c2663f74a0a972cc601d2ceb5b3299cc9be3c3b6ac41d76d238",
                "sha256:91208ff13381ccbacce8a38a771e9d9d8982dce146581bcf6656aa8fd05d06ea",
                "sha256:a8fb7dc56b14656768fdf21d4325bf82f543fad51dc83c24aa6a27456a946a2d",
                "sha256:bea86976ab9b7bebca43721b3ff8fd74a002e1fd95e7600987cd42664fde8a39",
                "sha256:ce9354571e1323ed98251723a7e5ffb3526ddd3b533a27aaca4ebd13ed479c56",
                "sha256:df111e654b47e5ea456c50553debe4c5ddd97258894c7ad3b7f2f9f10798e053",
                "sha256:ed6d2dbb54a68b200df8783fcb17c406ece20420c8c86508ab0f5966e8631da5",
                "sha256:f0491621a6b1d2828d47acaf41d3167a647eaae44ef8fcf83b72eb3e1cc7ac51"
            ],
            "index": "pypi",
            "version": "==0.15.0"
        },
        "scikit-learn": {
            "hashes": [
                "sha256:051c53f9e900b0e9eccff2391f5317d1673d72e842bcbcd3e5d0b132459086ed",
                "sha256:0aafc312a55ebf58073151b9308761a5fcfa45b7f7730cea4b1f066f824c72db",
                "sha256:185d88ee4955cd68d7ff57356d1dd99cfc2de4b6aa5e5d679cafbc9df54716ff",
                "sha256:195465c39daded4f3ef8759291ffde81365486d4293e63dd9e32de0f569ecbbf",
                "sha256:4a6398500d035a4402476a2e3ae9f65a7a3f1b366ec6a7f6dd45c289f72dc954",
                "sha256:56f14e98632fb9237e7d005c6d8e346d01fa67f7b92f5f5d57a0bd06c741f9f6",
                "sha256:77092513dd780e12affde46a6394b52947db3fc00cf1d8c1c8eede52b37591d1",
                "sha256:7d2cdfe16b1ae6f9a1760b69be27c2004a84fc362984f930df135c847c47b765",
                "sha256:82c3450fc375f27e3529fa05fec627c9fc75915e05fcd55de43f193b3aa907af",
                "sha256:a5fba00d9037b62b0e0906f64efe9e4a754e556bc091cc12f84bc81655b4a414",
                "sha256:acba6bf5928e415b6296799a7aa069b66254c9440bce88ed2e5915865a317093",
                "sha256:b474f00d2533f18761fb17fb0950b27e72baf0796176247b5a7cf0ee369790ee",
                "sha256:ca45e0def97f73a828cee417174fafa0ab35a41f8bdca4424120a29c5589c548",
                "sha256:f09e544a6756afbd9d31e1d8ddfde5a2c9c17f6d4274104c988fceb611e2d5c5",
                "sha256:f979bb85cbfd9ed4d54709d86ab8893b316726abd1c9ab04abe7e6414b71b753",
                "sha256:fb4c7a2294447515fffec33c1f5eedbe942e9be56edb8c6619607e7882531d40"
            ],
            "index": "pypi",
            "version": "==0.21.2"
        },
        "scipy": {
            "hashes": [
                "sha256:03b1e0775edbe6a4c64effb05fff2ce1429b76d29d754aa5ee2d848b60033351",
                "sha256:09d008237baabf52a5d4f5a6fcf9b3c03408f3f61a69c404472a16861a73917e",
                "sha256:10325f0ffac2400b1ec09537b7e403419dcd25d9fee602a44e8a32119af9079e",
                "sha256:1db9f964ed9c52dc5bd6127f0dd90ac89791daa690a5665cc01eae185912e1ba",
                "sha256:409846be9d6bdcbd78b9e5afe2f64b2da5a923dd7c1cd0615ce589489533fdbb",
                "sha256:4907040f62b91c2e170359c3d36c000af783f0fa1516a83d6c1517cde0af5340",
                "sha256:6c0543f2fdd38dee631fb023c0f31c284a532d205590b393d72009c14847f5b1",
                "sha256:826b9f5fbb7f908a13aa1efd4b7321e36992f5868d5d8311c7b40cf9b11ca0e7",
                "sha256:a7695a378c2ce402405ea37b12c7a338a8755e081869bd6b95858893ceb617ae",
                "sha256:a84c31e8409b420c3ca57fd30c7589378d6fdc8d155d866a7f8e6e80dec6fd06",
                "sha256:adadeeae5500de0da2b9e8dd478520d0a9945b577b2198f2462555e68f58e7ef",
                "sha256:b283a76a83fe463c9587a2c88003f800e08c3929dfbeba833b78260f9c209785",
                "sha256:c19a7389ab3cd712058a8c3c9ffd8d27a57f3d84b9c91a931f542682bb3d269d",
                "sha256:c3bb4bd2aca82fb498247deeac12265921fe231502a6bc6edea3ee7fe6c40a7a",
                "sha256:c5ea60ece0c0c1c849025bfc541b60a6751b491b6f11dd9ef37ab5b8c9041921",
                "sha256:db61a640ca20f237317d27bc658c1fc54c7581ff7f6502d112922dc285bdabee"
            ],
            "index": "pypi",
            "version": "==1.3.0"
        },
        "six": {
            "hashes": [
                "sha256:3350809f0555b11f552448330d0b52d5f24c91a322ea4a15ef22629740f3761c",
                "sha256:d16a0141ec1a18405cd4ce8b4613101da75da0e9a7aec5bdd4fa804d0e0eba73"
            ],
            "version": "==1.12.0"
        },
        "tb-nightly": {
            "hashes": [
                "sha256:60c159328310a56de128e89660dd3bd019583a5bb8e9c40d16e29d374ecaa7ce",
                "sha256:8dc02a7ccc1ddbf6b471874aa378500fd888b442b0de08daa10ac0bad4971007"
            ],
            "version": "==1.14.0a20190603"
        },
        "tensorflow-gpu": {
            "hashes": [
                "sha256:0c8ced99e74f10c66604fa61e40cb8cfbc073e89eb95c061626d3535958142b5",
                "sha256:0e99c8d09b85f7ab5b9006f3065a705aec75ed8375c9c3f8ab743ba19e461666",
                "sha256:7785f1dd37a2f657d95e5a1f885789d38cd369b53c736dd0353c5446fbede8f9",
                "sha256:8ad4488117a804d8ac5904b54149142e50b6ed6d50f5ffcf95dd6c165b046764",
                "sha256:a456313801278c170cb850e7ef92658dd6201bf57876998a0ab493ea463dba33",
                "sha256:a45d1749ca20bc2cb3431e85f4c7b623f68d1e08a00c56fb98b6a3d0410401dd",
                "sha256:b091c93d85f73f6a95be1a2dc63ace6e8e74039f637828981a99949d6b3ab553",
                "sha256:b1c5de846810e14902c73422a2a52896c4bd3391b2c9e3fc4f4fe067f3746f01",
                "sha256:e8f4235b66ec25b96ae162ab9022943a07f7997141331df51bf582bf3e0ca7d1"
            ],
            "index": "pypi",
            "version": "==2.0.0b1"
        },
        "tensorflow-hub": {
            "hashes": [
                "sha256:0c91f48a81cb0d1519bbff54d88f5f6cb4ae798569beea01080a42ede0ed7698"
            ],
            "index": "pypi",
            "version": "==0.5.0"
        },
        "termcolor": {
            "hashes": [
                "sha256:1d6d69ce66211143803fbc56652b41d73b4a400a2891d7bf7a1cdf4c02de613b"
            ],
            "version": "==1.1.0"
        },
        "tf-estimator-nightly": {
            "hashes": [
                "sha256:99818ef0c70c23ce6417085c960ca2d275db9bd248abeb63da1b4f138aa00cf0"
            ],
            "version": "==1.14.0.dev2019060501"
        },
        "werkzeug": {
            "hashes": [
                "sha256:865856ebb55c4dcd0630cdd8f3331a1847a819dda7e8c750d3db6f2aa6c0209c",
                "sha256:a0b915f0815982fb2a09161cb8f31708052d0951c3ba433ccc5e1aa276507ca6"
            ],
            "version": "==0.15.4"
        },
        "wheel": {
            "hashes": [
                "sha256:5e79117472686ac0c4aef5bad5172ea73a1c2d1646b808c35926bd26bdfb0c08",
                "sha256:62fcfa03d45b5b722539ccbc07b190e4bfff4bb9e3a4d470dd9f6a0981002565"
            ],
            "markers": "python_version >= '3'",
            "version": "==0.33.4"
        },
        "wrapt": {
            "hashes": [
                "sha256:565a021fd19419476b9362b05eeaa094178de64f8361e44468f9e9d7843901e1"
            ],
            "version": "==1.11.2"
        }
    },
    "develop": {
        "appdirs": {
            "hashes": [
                "sha256:9e5896d1372858f8dd3344faf4e5014d21849c756c8d5701f78f8a103b372d92",
                "sha256:d8b24664561d0d34ddfaec54636d502d7cea6e29c3eaf68f3df6180863e2166e"
            ],
            "version": "==1.4.3"
        },
        "attrs": {
            "hashes": [
                "sha256:69c0dbf2ed392de1cb5ec704444b08a5ef81680a61cb899dc08127123af36a79",
                "sha256:f0b870f674851ecbfbbbd364d6b5cbdff9dcedbc7f3f5e18a6891057f21fe399"
            ],
            "version": "==19.1.0"
        },
        "black": {
            "hashes": [
                "sha256:09a9dcb7c46ed496a9850b76e4e825d6049ecd38b611f1224857a79bd985a8cf",
                "sha256:68950ffd4d9169716bcb8719a56c07a2f4485354fec061cdd5910aa07369731c"
            ],
            "index": "pypi",
            "version": "==19.3b0"
        },
        "cached-property": {
            "hashes": [
                "sha256:3a026f1a54135677e7da5ce819b0c690f156f37976f3e30c5430740725203d7f",
                "sha256:9217a59f14a5682da7c4b8829deadbfc194ac22e9908ccf7c8820234e80a1504"
            ],
            "version": "==1.5.1"
        },
        "cerberus": {
            "hashes": [
                "sha256:0be48fc0dc84f83202a5309c0aa17cd5393e70731a1698a50d118b762fbe6875"
            ],
            "version": "==1.3.1"
        },
        "certifi": {
            "hashes": [
                "sha256:046832c04d4e752f37383b628bc601a7ea7211496b4638f6514d0e5b9acc4939",
                "sha256:945e3ba63a0b9f577b1395204e13c3a231f9bc0223888be653286534e5873695"
            ],
            "version": "==2019.6.16"
        },
        "chardet": {
            "hashes": [
                "sha256:84ab92ed1c4d4f16916e05906b6b75a6c0fb5db821cc65e70cbd64a3e2a5eaae",
                "sha256:fc323ffcaeaed0e0a02bf4d117757b98aed530d9ed4531e3e15460124c106691"
            ],
            "version": "==3.0.4"
        },
        "click": {
            "hashes": [
                "sha256:2335065e6395b9e67ca716de5f7526736bfa6ceead690adf616d925bdc622b13",
                "sha256:5b94b49521f6456670fdb30cd82a4eca9412788a93fa6dd6df72c94d5a8ff2d7"
            ],
            "version": "==7.0"
        },
        "colorama": {
            "hashes": [
                "sha256:05eed71e2e327246ad6b38c540c4a3117230b19679b875190486ddd2d721422d",
                "sha256:f8ac84de7840f5b9c4e3347b3c1eaa50f7e49c2b07596221daec5edaabbd7c48"
            ],
            "version": "==0.4.1"
        },
        "distlib": {
            "hashes": [
                "sha256:ecb3d0e4f71d0fa7f38db6bcc276c7c9a1c6638a516d726495934a553eb3fbe0"
            ],
            "version": "==0.2.9.post0"
        },
        "docopt": {
            "hashes": [
                "sha256:49b3a825280bd66b3aa83585ef59c4a8c82f2c8a522dbe754a8bc8d08c85c491"
            ],
            "index": "pypi",
            "version": "==0.6.2"
        },
        "entrypoints": {
            "hashes": [
                "sha256:589f874b313739ad35be6e0cd7efde2a4e9b6fea91edcc34e58ecbb8dbe56d19",
                "sha256:c70dd71abe5a8c85e55e12c19bd91ccfeec11a6e99044204511f9ed547d48451"
            ],
            "version": "==0.3"
        },
        "first": {
            "hashes": [
                "sha256:8d8e46e115ea8ac652c76123c0865e3ff18372aef6f03c22809ceefcea9dec86",
                "sha256:ff285b08c55f8c97ce4ea7012743af2495c9f1291785f163722bd36f6af6d3bf"
            ],
            "version": "==2.0.2"
        },
        "flake8": {
            "hashes": [
                "sha256:859996073f341f2670741b51ec1e67a01da142831aa1fdc6242dbf88dffbe661",
                "sha256:a796a115208f5c03b18f332f7c11729812c8c3ded6c46319c59b53efd3819da8"
            ],
            "index": "pypi",
            "version": "==3.7.7"
        },
        "idna": {
            "hashes": [
                "sha256:c357b3f628cf53ae2c4c05627ecc484553142ca23264e593d327bcde5e9c3407",
                "sha256:ea8b7f6188e6fa117537c3df7da9fc686d485087abf6ac197f9c46432f7e4a3c"
            ],
            "version": "==2.8"
        },
        "isort": {
            "extras": [
                "pipfile"
            ],
            "hashes": [
                "sha256:54da7e92468955c4fceacd0c86bd0ec997b0e1ee80d97f67c35a78b719dccab1",
                "sha256:6e811fcb295968434526407adb8796944f1988c5b65e8139058f2014cbe100fd"
            ],
            "index": "pypi",
            "version": "==4.3.21"
        },
        "jedi": {
            "hashes": [
                "sha256:49ccb782651bb6f7009810d17a3316f8867dde31654c750506970742e18b553d",
                "sha256:79d0f6595f3846dffcbe667cc6dc821b96e5baa8add125176c31a3917eb19d58"
            ],
            "index": "pypi",
            "version": "==0.14.0"
        },
        "mccabe": {
            "hashes": [
                "sha256:ab8a6258860da4b6677da4bd2fe5dc2c659cff31b3ee4f7f5d64e79735b80d42",
                "sha256:dd8d182285a0fe56bace7f45b5e7d1a6ebcbf524e8f3bd87eb0f125271b8831f"
            ],
            "version": "==0.6.1"
        },
        "orderedmultidict": {
            "hashes": [
                "sha256:24e3b730cf84e4a6a68be5cc760864905cf66abc89851e724bd5b4e849eaa96b",
                "sha256:b89895ba6438038d0bdf88020ceff876cf3eae0d5c66a69b526fab31125db2c5"
            ],
            "version": "==1.0"
        },
        "packaging": {
            "hashes": [
                "sha256:0c98a5d0be38ed775798ece1b9727178c4469d9c3b4ada66e8e6b7849f8732af",
                "sha256:9e1cbf8c12b1f1ce0bb5344b8d7ecf66a6f8a6e91bcb0c84593ed6d3ab5c4ab3"
            ],
            "version": "==19.0"
        },
        "parso": {
            "hashes": [
                "sha256:5052bb33be034cba784193e74b1cde6ebf29ae8b8c1e4ad94df0c4209bfc4826",
                "sha256:db5881df1643bf3e66c097bfd8935cf03eae73f4cb61ae4433c9ea4fb6613446"
            ],
            "version": "==0.5.0"
        },
        "pep517": {
            "hashes": [
                "sha256:43a7aa3902efd305a605c1028e4045968cd012831233ecab633a31d3ba4860a5",
                "sha256:cb5ca55450b64e80744cd5c32f7d5b8928004042dfea50fdc3f96ad7f27cba96"
            ],
            "version": "==0.5.0"
        },
        "pip-shims": {
            "hashes": [
                "sha256:0162d846bd60c7b1feb4e1336541a3e661eb6a1eff4b9ea0d759780f8e0a2936",
                "sha256:d73372b9fa3a10e73f057fced70d39bb82df16a1ee3ded027fed0bb8d7c0ff97"
            ],
            "version": "==0.3.3"
        },
        "pipreqs": {
            "hashes": [
                "sha256:2dfa21631cb68a97515e222d6f0033b5bfb75823567ca2195d528efb18c97990",
                "sha256:cec6eecc4685967b27eb386037565a737d036045f525b9eb314631a68d60e4bc"
            ],
            "version": "==0.4.9"
        },
        "plette": {
            "extras": [
                "validation"
            ],
            "hashes": [
                "sha256:c0e3553c1e581d8423daccbd825789c6e7f29b7d9e00e5331b12e1642a1a26d3",
                "sha256:dde5d525cf5f0cbad4d938c83b93db17887918daf63c13eafed257c4f61b07b4"
            ],
            "version": "==0.2.2"
        },
        "pycodestyle": {
            "hashes": [
                "sha256:95a2219d12372f05704562a14ec30bc76b05a5b297b21a5dfe3f6fac3491ae56",
                "sha256:e40a936c9a450ad81df37f549d676d127b1b66000a6c500caa2b085bc0ca976c"
            ],
            "version": "==2.5.0"
        },
        "pyflakes": {
            "hashes": [
                "sha256:17dbeb2e3f4d772725c777fabc446d5634d1038f234e77343108ce445ea69ce0",
                "sha256:d976835886f8c5b31d47970ed689944a0262b5f3afa00a5a7b4dc81e5449f8a2"
            ],
            "version": "==2.1.1"
        },
        "pyparsing": {
            "hashes": [
                "sha256:1873c03321fc118f4e9746baf201ff990ceb915f433f23b395f5580d1840cb2a",
                "sha256:9b6323ef4ab914af344ba97510e966d64ba91055d6b9afa6b30799340e89cc03"
            ],
            "version": "==2.4.0"
        },
        "pytoml": {
            "hashes": [
                "sha256:ca2d0cb127c938b8b76a9a0d0f855cf930c1d50cc3a0af6d3595b566519a1013"
            ],
            "version": "==0.1.20"
        },
        "requests": {
            "hashes": [
                "sha256:11e007a8a2aa0323f5a921e9e6a2d7e4e67d9877e85773fba9ba6419025cbeb4",
                "sha256:9cf5292fcd0f598c671cfc1e0d7d1a7f13bb8085e9a590f48c010551dc6c4b31"
            ],
            "version": "==2.22.0"
        },
        "requirementslib": {
            "hashes": [
                "sha256:591c6eeb2f5f863888bd95d25c5ba932e9613794e14994738a99be563d5221d6",
                "sha256:8ac4c486f91c40583f4b2129371466fd34a52fdce9d8c6e5784b09793206052a"
            ],
            "version": "==1.5.2"
        },
        "six": {
            "hashes": [
                "sha256:3350809f0555b11f552448330d0b52d5f24c91a322ea4a15ef22629740f3761c",
                "sha256:d16a0141ec1a18405cd4ce8b4613101da75da0e9a7aec5bdd4fa804d0e0eba73"
            ],
            "version": "==1.12.0"
        },
        "toml": {
            "hashes": [
                "sha256:229f81c57791a41d65e399fc06bf0848bab550a9dfd5ed66df18ce5f05e73d5c",
                "sha256:235682dd292d5899d361a811df37e04a8828a5b1da3115886b73cf81ebc9100e"
            ],
            "version": "==0.10.0"
        },
        "tomlkit": {
            "hashes": [
                "sha256:d6506342615d051bc961f70bfcfa3d29b6616cc08a3ddfd4bc24196f16fd4ec2",
                "sha256:f077456d35303e7908cc233b340f71e0bec96f63429997f38ca9272b7d64029e"
            ],
            "version": "==0.5.3"
        },
        "urllib3": {
            "hashes": [
                "sha256:b246607a25ac80bedac05c6f282e3cdaf3afb65420fd024ac94435cabe6e18d1",
                "sha256:dbe59173209418ae49d485b87d1681aefa36252ee85884c31346debd19463232"
            ],
            "version": "==1.25.3"
        },
        "vistir": {
            "hashes": [
                "sha256:588b81ce97fb2b7429ae7b0443a28be8e0c85bb1d0ba7a4296775035c4156760",
                "sha256:84f4ca78c5b0051ba407f18a97ea52eae6c415efb65c5ea019afeea16528799a"
            ],
            "version": "==0.4.2"
        },
        "wheel": {
            "hashes": [
                "sha256:5e79117472686ac0c4aef5bad5172ea73a1c2d1646b808c35926bd26bdfb0c08",
                "sha256:62fcfa03d45b5b722539ccbc07b190e4bfff4bb9e3a4d470dd9f6a0981002565"
            ],
            "markers": "python_version >= '3'",
            "version": "==0.33.4"
        },
        "yarg": {
            "hashes": [
                "sha256:4f9cebdc00fac946c9bf2783d634e538a71c7d280a4d806d45fd4dc0ef441492",
                "sha256:55695bf4d1e3e7f756496c36a69ba32c40d18f821e38f61d028f6049e5e15911"
            ],
            "version": "==0.1.9"
        }
    }
}
